
Microsoft Visual Studio Solution File, Format Version 12.00
# Visual Studio Version 17
VisualStudioVersion = 17.2.32602.215
MinimumVisualStudioVersion = 10.0.40219.1
Project("{9A19103F-16F7-4668-BE54-9A1E7A4F7556}") = "ScanFan.App", "ScanFan.App\ScanFan.App.csproj", "{ACE61C99-E37C-4893-A35B-ADFEFD4D086D}"
EndProject
Project("{FAE04EC0-301F-11D3-BF4B-00C04F79EFBC}") = "ScanFun.BL", "ScanFun.BL\ScanFun.BL.csproj", "{BA7C62C3-C7BF-48E2-AE3B-E59EA600F099}"
EndProject
Global
	GlobalSection(SolutionConfigurationPlatforms) = preSolution
		Debug|Any CPU = Debug|Any CPU
		Release|Any CPU = Release|Any CPU
	EndGlobalSection
	GlobalSection(ProjectConfigurationPlatforms) = postSolution
		{ACE61C99-E37C-4893-A35B-ADFEFD4D086D}.Debug|Any CPU.ActiveCfg = Debug|Any CPU
		{ACE61C99-E37C-4893-A35B-ADFEFD4D086D}.Debug|Any CPU.Build.0 = Debug|Any CPU
		{ACE61C99-E37C-4893-A35B-ADFEFD4D086D}.Release|Any CPU.ActiveCfg = Release|Any CPU
		{ACE61C99-E37C-4893-A35B-ADFEFD4D086D}.Release|Any CPU.Build.0 = Release|Any CPU
		{BA7C62C3-C7BF-48E2-AE3B-E59EA600F099}.Debug|Any CPU.ActiveCfg = Debug|Any CPU
		{BA7C62C3-C7BF-48E2-AE3B-E59EA600F099}.Debug|Any CPU.Build.0 = Debug|Any CPU
		{BA7C62C3-C7BF-48E2-AE3B-E59EA600F099}.Release|Any CPU.ActiveCfg = Release|Any CPU
		{BA7C62C3-C7BF-48E2-AE3B-E59EA600F099}.Release|Any CPU.Build.0 = Release|Any CPU
	EndGlobalSection
	GlobalSection(SolutionProperties) = preSolution
		HideSolutionNode = FALSE
	EndGlobalSection
	GlobalSection(ExtensibilityGlobals) = postSolution
		SolutionGuid = {313C63D6-2567-4AC3-8969-EFDED28CA92C}
	EndGlobalSection
EndGlobal
